// !$*UTF8*$!
{
	archiveVersion = 1;
	classes = {
	};
	objectVersion = 56;
	objects = {

/* Begin PBXBuildFile section */
		FB4732002AF388E0003604D2 /* WidgetKit.framework in Frameworks */ = {isa = PBXBuildFile; fileRef = FB4731FF2AF388E0003604D2 /* WidgetKit.framework */; };
		FB4732022AF388E0003604D2 /* SwiftUI.framework in Frameworks */ = {isa = PBXBuildFile; fileRef = FB4732012AF388E0003604D2 /* SwiftUI.framework */; };
		FB4732052AF388E0003604D2 /* WidgetMain.swift in Sources */ = {isa = PBXBuildFile; fileRef = FB4732042AF388E0003604D2 /* WidgetMain.swift */; };
		FB47320C2AF388E1003604D2 /* Assets.xcassets in Resources */ = {isa = PBXBuildFile; fileRef = FB47320B2AF388E1003604D2 /* Assets.xcassets */; };
		FB47320E2AF388E1003604D2 /* happyWidgets.intentdefinition in Sources */ = {isa = PBXBuildFile; fileRef = FB47320A2AF388E0003604D2 /* happyWidgets.intentdefinition */; };
		FB47320F2AF388E1003604D2 /* happyWidgets.intentdefinition in Sources */ = {isa = PBXBuildFile; fileRef = FB47320A2AF388E0003604D2 /* happyWidgets.intentdefinition */; };
		FB4732122AF388E1003604D2 /* happyWidgets.appex in Embed Foundation Extensions */ = {isa = PBXBuildFile; fileRef = FB4731FD2AF388E0003604D2 /* happyWidgets.appex */; settings = {ATTRIBUTES = (RemoveHeadersOnCopy, ); }; };
		FB4732182AF5763F003604D2 /* CreateContact.swift in Sources */ = {isa = PBXBuildFile; fileRef = FB4732172AF5763F003604D2 /* CreateContact.swift */; };
		FB47321F2AF61ADB003604D2 /* DateExtension.swift in Sources */ = {isa = PBXBuildFile; fileRef = FB53582B2AE6E32E0047A61F /* DateExtension.swift */; };
		FB4732202AF61B0A003604D2 /* CNContactExtension.swift in Sources */ = {isa = PBXBuildFile; fileRef = FB53585F2AECD9900047A61F /* CNContactExtension.swift */; };
		FB4732232AF61C5F003604D2 /* WidgetContactCard.swift in Sources */ = {isa = PBXBuildFile; fileRef = FB4732212AF61C5F003604D2 /* WidgetContactCard.swift */; };
		FB4732242AF61D3C003604D2 /* Avatar.swift in Sources */ = {isa = PBXBuildFile; fileRef = FB5358292AE6DC150047A61F /* Avatar.swift */; };
		FB4732252AF61D3E003604D2 /* BirthdayIcon.swift in Sources */ = {isa = PBXBuildFile; fileRef = FB53584E2AE9C9D90047A61F /* BirthdayIcon.swift */; };
		FB4732262AF62141003604D2 /* ContactService.swift in Sources */ = {isa = PBXBuildFile; fileRef = FB5358312AE7CB680047A61F /* ContactService.swift */; };
		FB4732282AF62214003604D2 /* WidgetProvider.swift in Sources */ = {isa = PBXBuildFile; fileRef = FB4732272AF62214003604D2 /* WidgetProvider.swift */; };
		FB47322A2AF622BD003604D2 /* WidgetView.swift in Sources */ = {isa = PBXBuildFile; fileRef = FB4732292AF622BD003604D2 /* WidgetView.swift */; };
		FB4732302AF6695D003604D2 /* SwipeRightToClearBirthdate.swift in Sources */ = {isa = PBXBuildFile; fileRef = FB47322F2AF6695D003604D2 /* SwipeRightToClearBirthdate.swift */; };
		FB4732322AF670F3003604D2 /* SwipeLeftToEditBirthdate.swift in Sources */ = {isa = PBXBuildFile; fileRef = FB4732312AF670F3003604D2 /* SwipeLeftToEditBirthdate.swift */; };
		FB4732342AF696FC003604D2 /* ClearBirthdateButton.swift in Sources */ = {isa = PBXBuildFile; fileRef = FB4732332AF696FC003604D2 /* ClearBirthdateButton.swift */; };
		FB4732362AF697B1003604D2 /* AddBirthdateButton.swift in Sources */ = {isa = PBXBuildFile; fileRef = FB4732352AF697B1003604D2 /* AddBirthdateButton.swift */; };
		FB4732382AF699ED003604D2 /* EditBirthdateButton.swift in Sources */ = {isa = PBXBuildFile; fileRef = FB4732372AF699ED003604D2 /* EditBirthdateButton.swift */; };
		FB47323C2AF6A54E003604D2 /* ContactBirthdayActions.swift in Sources */ = {isa = PBXBuildFile; fileRef = FB47323B2AF6A54E003604D2 /* ContactBirthdayActions.swift */; };
		FB4732422AF7A8C0003604D2 /* ListContactsIsEmpty.swift in Sources */ = {isa = PBXBuildFile; fileRef = FB4732412AF7A8C0003604D2 /* ListContactsIsEmpty.swift */; };
		FB4732442AF7B694003604D2 /* SendMessageButton.swift in Sources */ = {isa = PBXBuildFile; fileRef = FB4732432AF7B694003604D2 /* SendMessageButton.swift */; };
		FB53582A2AE6DC150047A61F /* Avatar.swift in Sources */ = {isa = PBXBuildFile; fileRef = FB5358292AE6DC150047A61F /* Avatar.swift */; };
		FB53582C2AE6E32E0047A61F /* DateExtension.swift in Sources */ = {isa = PBXBuildFile; fileRef = FB53582B2AE6E32E0047A61F /* DateExtension.swift */; };
		FB5358322AE7CB680047A61F /* ContactService.swift in Sources */ = {isa = PBXBuildFile; fileRef = FB5358312AE7CB680047A61F /* ContactService.swift */; };
		FB5358342AE7D1040047A61F /* ContactViewModel.swift in Sources */ = {isa = PBXBuildFile; fileRef = FB5358332AE7D1040047A61F /* ContactViewModel.swift */; };
		FB5358362AE7D3100047A61F /* ContactCompactCard.swift in Sources */ = {isa = PBXBuildFile; fileRef = FB5358352AE7D3100047A61F /* ContactCompactCard.swift */; };
		FB53584F2AE9C9D90047A61F /* BirthdayIcon.swift in Sources */ = {isa = PBXBuildFile; fileRef = FB53584E2AE9C9D90047A61F /* BirthdayIcon.swift */; };
		FB5358582AEB94570047A61F /* NotificationService.swift in Sources */ = {isa = PBXBuildFile; fileRef = FB5358572AEB94570047A61F /* NotificationService.swift */; };
		FB53585E2AEC2F740047A61F /* SearchBar.swift in Sources */ = {isa = PBXBuildFile; fileRef = FB53585D2AEC2F740047A61F /* SearchBar.swift */; };
		FB5358602AECD9900047A61F /* CNContactExtension.swift in Sources */ = {isa = PBXBuildFile; fileRef = FB53585F2AECD9900047A61F /* CNContactExtension.swift */; };
		FB5CD81D2AFB6FD0009637CD /* ShowWidgetAlertSheetModifier.swift in Sources */ = {isa = PBXBuildFile; fileRef = FB5CD81C2AFB6FD0009637CD /* ShowWidgetAlertSheetModifier.swift */; };
		FB5CD81F2AFB7095009637CD /* NavigateToEditContacts.swift in Sources */ = {isa = PBXBuildFile; fileRef = FB5CD81E2AFB7095009637CD /* NavigateToEditContacts.swift */; };
		FB5CD8212AFB9675009637CD /* Assets.xcassets in Resources */ = {isa = PBXBuildFile; fileRef = FB47320B2AF388E1003604D2 /* Assets.xcassets */; };
		FB7A70EE2AE68AAB009874C8 /* AppMain.swift in Sources */ = {isa = PBXBuildFile; fileRef = FB7A70ED2AE68AAB009874C8 /* AppMain.swift */; };
		FB7A70F22AE68AAD009874C8 /* Assets.xcassets in Resources */ = {isa = PBXBuildFile; fileRef = FB7A70F12AE68AAD009874C8 /* Assets.xcassets */; };
		FB7A71242AE68AEA009874C8 /* Home.swift in Sources */ = {isa = PBXBuildFile; fileRef = FB7A71232AE68AEA009874C8 /* Home.swift */; };
		FB7A71262AE68B06009874C8 /* EditContacts.swift in Sources */ = {isa = PBXBuildFile; fileRef = FB7A71252AE68B06009874C8 /* EditContacts.swift */; };
		FB7A71282AE68B1A009874C8 /* ListContacts.swift in Sources */ = {isa = PBXBuildFile; fileRef = FB7A71272AE68B1A009874C8 /* ListContacts.swift */; };
		FBADC52B2AED12DB00C3A546 /* ContactCard.swift in Sources */ = {isa = PBXBuildFile; fileRef = FBADC52A2AED12DB00C3A546 /* ContactCard.swift */; };
		FBADC5322AEE7B4700C3A546 /* AppDataModel.xcdatamodeld in Sources */ = {isa = PBXBuildFile; fileRef = FBADC5302AEE7B4700C3A546 /* AppDataModel.xcdatamodeld */; };
		FBADC5342AEEC05F00C3A546 /* CoreDataStack.swift in Sources */ = {isa = PBXBuildFile; fileRef = FBADC5332AEEC05F00C3A546 /* CoreDataStack.swift */; };
		FBADC5362AEF03E200C3A546 /* AllowContactsAccess.swift in Sources */ = {isa = PBXBuildFile; fileRef = FBADC5352AEF03E200C3A546 /* AllowContactsAccess.swift */; };
/* End PBXBuildFile section */

/* Begin PBXContainerItemProxy section */
		FB4732192AF585F9003604D2 /* PBXContainerItemProxy */ = {
			isa = PBXContainerItemProxy;
			containerPortal = FB7A70E22AE68AAB009874C8 /* Project object */;
			proxyType = 1;
			remoteGlobalIDString = FB4731FC2AF388E0003604D2;
			remoteInfo = happyWidgetsExtension;
		};
/* End PBXContainerItemProxy section */

/* Begin PBXCopyFilesBuildPhase section */
		FB4732162AF388E1003604D2 /* Embed Foundation Extensions */ = {
			isa = PBXCopyFilesBuildPhase;
			buildActionMask = 2147483647;
			dstPath = "";
			dstSubfolderSpec = 13;
			files = (
				FB4732122AF388E1003604D2 /* happyWidgets.appex in Embed Foundation Extensions */,
			);
			name = "Embed Foundation Extensions";
			runOnlyForDeploymentPostprocessing = 0;
		};
/* End PBXCopyFilesBuildPhase section */

/* Begin PBXFileReference section */
		FB4731FD2AF388E0003604D2 /* happyWidgets.appex */ = {isa = PBXFileReference; explicitFileType = "wrapper.app-extension"; includeInIndex = 0; path = happyWidgets.appex; sourceTree = BUILT_PRODUCTS_DIR; };
		FB4731FF2AF388E0003604D2 /* WidgetKit.framework */ = {isa = PBXFileReference; lastKnownFileType = wrapper.framework; name = WidgetKit.framework; path = System/Library/Frameworks/WidgetKit.framework; sourceTree = SDKROOT; };
		FB4732012AF388E0003604D2 /* SwiftUI.framework */ = {isa = PBXFileReference; lastKnownFileType = wrapper.framework; name = SwiftUI.framework; path = System/Library/Frameworks/SwiftUI.framework; sourceTree = SDKROOT; };
		FB4732042AF388E0003604D2 /* WidgetMain.swift */ = {isa = PBXFileReference; lastKnownFileType = sourcecode.swift; path = WidgetMain.swift; sourceTree = "<group>"; };
		FB47320A2AF388E0003604D2 /* happyWidgets.intentdefinition */ = {isa = PBXFileReference; lastKnownFileType = file.intentdefinition; path = happyWidgets.intentdefinition; sourceTree = "<group>"; };
		FB47320B2AF388E1003604D2 /* Assets.xcassets */ = {isa = PBXFileReference; lastKnownFileType = folder.assetcatalog; path = Assets.xcassets; sourceTree = "<group>"; };
		FB47320D2AF388E1003604D2 /* Info.plist */ = {isa = PBXFileReference; lastKnownFileType = text.plist.xml; path = Info.plist; sourceTree = "<group>"; };
		FB4732172AF5763F003604D2 /* CreateContact.swift */ = {isa = PBXFileReference; lastKnownFileType = sourcecode.swift; path = CreateContact.swift; sourceTree = "<group>"; };
		FB4732212AF61C5F003604D2 /* WidgetContactCard.swift */ = {isa = PBXFileReference; lastKnownFileType = sourcecode.swift; name = WidgetContactCard.swift; path = happyWidgets/WidgetContactCard.swift; sourceTree = SOURCE_ROOT; };
		FB4732272AF62214003604D2 /* WidgetProvider.swift */ = {isa = PBXFileReference; lastKnownFileType = sourcecode.swift; path = WidgetProvider.swift; sourceTree = "<group>"; };
		FB4732292AF622BD003604D2 /* WidgetView.swift */ = {isa = PBXFileReference; lastKnownFileType = sourcecode.swift; path = WidgetView.swift; sourceTree = "<group>"; };
		FB47322F2AF6695D003604D2 /* SwipeRightToClearBirthdate.swift */ = {isa = PBXFileReference; lastKnownFileType = sourcecode.swift; path = SwipeRightToClearBirthdate.swift; sourceTree = "<group>"; };
		FB4732312AF670F3003604D2 /* SwipeLeftToEditBirthdate.swift */ = {isa = PBXFileReference; lastKnownFileType = sourcecode.swift; path = SwipeLeftToEditBirthdate.swift; sourceTree = "<group>"; };
		FB4732332AF696FC003604D2 /* ClearBirthdateButton.swift */ = {isa = PBXFileReference; lastKnownFileType = sourcecode.swift; path = ClearBirthdateButton.swift; sourceTree = "<group>"; };
		FB4732352AF697B1003604D2 /* AddBirthdateButton.swift */ = {isa = PBXFileReference; lastKnownFileType = sourcecode.swift; path = AddBirthdateButton.swift; sourceTree = "<group>"; };
		FB4732372AF699ED003604D2 /* EditBirthdateButton.swift */ = {isa = PBXFileReference; lastKnownFileType = sourcecode.swift; path = EditBirthdateButton.swift; sourceTree = "<group>"; };
		FB47323B2AF6A54E003604D2 /* ContactBirthdayActions.swift */ = {isa = PBXFileReference; lastKnownFileType = sourcecode.swift; path = ContactBirthdayActions.swift; sourceTree = "<group>"; };
		FB4732412AF7A8C0003604D2 /* ListContactsIsEmpty.swift */ = {isa = PBXFileReference; lastKnownFileType = sourcecode.swift; path = ListContactsIsEmpty.swift; sourceTree = "<group>"; };
		FB4732432AF7B694003604D2 /* SendMessageButton.swift */ = {isa = PBXFileReference; lastKnownFileType = sourcecode.swift; path = SendMessageButton.swift; sourceTree = "<group>"; };
		FB5358292AE6DC150047A61F /* Avatar.swift */ = {isa = PBXFileReference; lastKnownFileType = sourcecode.swift; path = Avatar.swift; sourceTree = "<group>"; };
		FB53582B2AE6E32E0047A61F /* DateExtension.swift */ = {isa = PBXFileReference; lastKnownFileType = sourcecode.swift; path = DateExtension.swift; sourceTree = "<group>"; };
		FB5358312AE7CB680047A61F /* ContactService.swift */ = {isa = PBXFileReference; lastKnownFileType = sourcecode.swift; path = ContactService.swift; sourceTree = "<group>"; };
		FB5358332AE7D1040047A61F /* ContactViewModel.swift */ = {isa = PBXFileReference; lastKnownFileType = sourcecode.swift; path = ContactViewModel.swift; sourceTree = "<group>"; };
		FB5358352AE7D3100047A61F /* ContactCompactCard.swift */ = {isa = PBXFileReference; lastKnownFileType = sourcecode.swift; path = ContactCompactCard.swift; sourceTree = "<group>"; };
		FB5358372AE7DF1A0047A61F /* README.md */ = {isa = PBXFileReference; lastKnownFileType = net.daringfireball.markdown; path = README.md; sourceTree = "<group>"; };
		FB53584E2AE9C9D90047A61F /* BirthdayIcon.swift */ = {isa = PBXFileReference; lastKnownFileType = sourcecode.swift; path = BirthdayIcon.swift; sourceTree = "<group>"; };
		FB5358572AEB94570047A61F /* NotificationService.swift */ = {isa = PBXFileReference; lastKnownFileType = sourcecode.swift; path = NotificationService.swift; sourceTree = "<group>"; };
		FB53585D2AEC2F740047A61F /* SearchBar.swift */ = {isa = PBXFileReference; lastKnownFileType = sourcecode.swift; path = SearchBar.swift; sourceTree = "<group>"; };
		FB53585F2AECD9900047A61F /* CNContactExtension.swift */ = {isa = PBXFileReference; lastKnownFileType = sourcecode.swift; path = CNContactExtension.swift; sourceTree = "<group>"; };
		FB5CD81C2AFB6FD0009637CD /* ShowWidgetAlertSheetModifier.swift */ = {isa = PBXFileReference; lastKnownFileType = sourcecode.swift; path = ShowWidgetAlertSheetModifier.swift; sourceTree = "<group>"; };
		FB5CD81E2AFB7095009637CD /* NavigateToEditContacts.swift */ = {isa = PBXFileReference; lastKnownFileType = sourcecode.swift; path = NavigateToEditContacts.swift; sourceTree = "<group>"; };
		FB7A70EA2AE68AAB009874C8 /* happy.app */ = {isa = PBXFileReference; explicitFileType = wrapper.application; includeInIndex = 0; path = happy.app; sourceTree = BUILT_PRODUCTS_DIR; };
		FB7A70ED2AE68AAB009874C8 /* AppMain.swift */ = {isa = PBXFileReference; lastKnownFileType = sourcecode.swift; path = AppMain.swift; sourceTree = "<group>"; };
		FB7A70F12AE68AAD009874C8 /* Assets.xcassets */ = {isa = PBXFileReference; lastKnownFileType = folder.assetcatalog; path = Assets.xcassets; sourceTree = "<group>"; };
		FB7A70FB2AE68AAD009874C8 /* Info.plist */ = {isa = PBXFileReference; lastKnownFileType = text.plist.xml; path = Info.plist; sourceTree = "<group>"; };
		FB7A71232AE68AEA009874C8 /* Home.swift */ = {isa = PBXFileReference; lastKnownFileType = sourcecode.swift; path = Home.swift; sourceTree = "<group>"; };
		FB7A71252AE68B06009874C8 /* EditContacts.swift */ = {isa = PBXFileReference; lastKnownFileType = sourcecode.swift; path = EditContacts.swift; sourceTree = "<group>"; };
		FB7A71272AE68B1A009874C8 /* ListContacts.swift */ = {isa = PBXFileReference; lastKnownFileType = sourcecode.swift; path = ListContacts.swift; sourceTree = "<group>"; };
		FBADC52A2AED12DB00C3A546 /* ContactCard.swift */ = {isa = PBXFileReference; lastKnownFileType = sourcecode.swift; path = ContactCard.swift; sourceTree = "<group>"; };
		FBADC5312AEE7B4700C3A546 /* AppDataModel.xcdatamodel */ = {isa = PBXFileReference; lastKnownFileType = wrapper.xcdatamodel; path = AppDataModel.xcdatamodel; sourceTree = "<group>"; };
		FBADC5332AEEC05F00C3A546 /* CoreDataStack.swift */ = {isa = PBXFileReference; lastKnownFileType = sourcecode.swift; path = CoreDataStack.swift; sourceTree = "<group>"; };
		FBADC5352AEF03E200C3A546 /* AllowContactsAccess.swift */ = {isa = PBXFileReference; lastKnownFileType = sourcecode.swift; path = AllowContactsAccess.swift; sourceTree = "<group>"; };
/* End PBXFileReference section */

/* Begin PBXFrameworksBuildPhase section */
		FB4731FA2AF388E0003604D2 /* Frameworks */ = {
			isa = PBXFrameworksBuildPhase;
			buildActionMask = 2147483647;
			files = (
				FB4732022AF388E0003604D2 /* SwiftUI.framework in Frameworks */,
				FB4732002AF388E0003604D2 /* WidgetKit.framework in Frameworks */,
			);
			runOnlyForDeploymentPostprocessing = 0;
		};
		FB7A70E72AE68AAB009874C8 /* Frameworks */ = {
			isa = PBXFrameworksBuildPhase;
			buildActionMask = 2147483647;
			files = (
			);
			runOnlyForDeploymentPostprocessing = 0;
		};
/* End PBXFrameworksBuildPhase section */

/* Begin PBXGroup section */
		FB4731FE2AF388E0003604D2 /* Frameworks */ = {
			isa = PBXGroup;
			children = (
				FB4731FF2AF388E0003604D2 /* WidgetKit.framework */,
				FB4732012AF388E0003604D2 /* SwiftUI.framework */,
			);
			name = Frameworks;
			sourceTree = "<group>";
		};
		FB4732032AF388E0003604D2 /* happyWidgets */ = {
			isa = PBXGroup;
			children = (
				FB4732042AF388E0003604D2 /* WidgetMain.swift */,
				FB4732292AF622BD003604D2 /* WidgetView.swift */,
				FB4732272AF62214003604D2 /* WidgetProvider.swift */,
				FB4732212AF61C5F003604D2 /* WidgetContactCard.swift */,
				FB47320A2AF388E0003604D2 /* happyWidgets.intentdefinition */,
				FB47320B2AF388E1003604D2 /* Assets.xcassets */,
				FB47320D2AF388E1003604D2 /* Info.plist */,
			);
			path = happyWidgets;
			sourceTree = "<group>";
		};
		FB53582D2AE6E63D0047A61F /* Components */ = {
			isa = PBXGroup;
			children = (
				FB5358292AE6DC150047A61F /* Avatar.swift */,
				FB53585D2AEC2F740047A61F /* SearchBar.swift */,
				FB53584E2AE9C9D90047A61F /* BirthdayIcon.swift */,
				FBADC5352AEF03E200C3A546 /* AllowContactsAccess.swift */,
				FB4732432AF7B694003604D2 /* SendMessageButton.swift */,
			);
			path = Components;
			sourceTree = "<group>";
		};
		FB5358382AE7E34F0047A61F /* Source */ = {
			isa = PBXGroup;
			children = (
				FB7A711D2AE68AB7009874C8 /* Views */,
				FB5CD8202AFB7AA1009637CD /* Modifiers */,
				FB53582D2AE6E63D0047A61F /* Components */,
				FB7A71202AE68AC6009874C8 /* Extensions */,
				FB5358392AE7E3FF0047A61F /* Services */,
				FB7A711F2AE68AC1009874C8 /* ViewModels */,
			);
			path = Source;
			sourceTree = "<group>";
		};
		FB5358392AE7E3FF0047A61F /* Services */ = {
			isa = PBXGroup;
			children = (
				FB5358312AE7CB680047A61F /* ContactService.swift */,
				FB5358572AEB94570047A61F /* NotificationService.swift */,
			);
			path = Services;
			sourceTree = "<group>";
		};
		FB5CD8202AFB7AA1009637CD /* Modifiers */ = {
			isa = PBXGroup;
			children = (
				FB5CD81C2AFB6FD0009637CD /* ShowWidgetAlertSheetModifier.swift */,
				FB4732312AF670F3003604D2 /* SwipeLeftToEditBirthdate.swift */,
				FB47322F2AF6695D003604D2 /* SwipeRightToClearBirthdate.swift */,
			);
			path = Modifiers;
			sourceTree = "<group>";
		};
		FB7A70E12AE68AAB009874C8 = {
			isa = PBXGroup;
			children = (
				FB5358372AE7DF1A0047A61F /* README.md */,
				FB7A70EC2AE68AAB009874C8 /* happy */,
				FB4732032AF388E0003604D2 /* happyWidgets */,
				FB4731FE2AF388E0003604D2 /* Frameworks */,
				FB7A70EB2AE68AAB009874C8 /* Products */,
			);
			sourceTree = "<group>";
		};
		FB7A70EB2AE68AAB009874C8 /* Products */ = {
			isa = PBXGroup;
			children = (
				FB7A70EA2AE68AAB009874C8 /* happy.app */,
				FB4731FD2AF388E0003604D2 /* happyWidgets.appex */,
			);
			name = Products;
			sourceTree = "<group>";
		};
		FB7A70EC2AE68AAB009874C8 /* happy */ = {
			isa = PBXGroup;
			children = (
				FB7A70F12AE68AAD009874C8 /* Assets.xcassets */,
				FB5358382AE7E34F0047A61F /* Source */,
				FB7A70ED2AE68AAB009874C8 /* AppMain.swift */,
				FBADC5332AEEC05F00C3A546 /* CoreDataStack.swift */,
				FB7A70FB2AE68AAD009874C8 /* Info.plist */,
				FBADC5302AEE7B4700C3A546 /* AppDataModel.xcdatamodeld */,
			);
			path = happy;
			sourceTree = "<group>";
		};
		FB7A711D2AE68AB7009874C8 /* Views */ = {
			isa = PBXGroup;
			children = (
				FB7A71232AE68AEA009874C8 /* Home.swift */,
				FB7A71272AE68B1A009874C8 /* ListContacts.swift */,
				FB4732412AF7A8C0003604D2 /* ListContactsIsEmpty.swift */,
				FB7A71252AE68B06009874C8 /* EditContacts.swift */,
				FB5CD81E2AFB7095009637CD /* NavigateToEditContacts.swift */,
				FB4732172AF5763F003604D2 /* CreateContact.swift */,
				FBADC52A2AED12DB00C3A546 /* ContactCard.swift */,
				FB47323B2AF6A54E003604D2 /* ContactBirthdayActions.swift */,
				FB5358352AE7D3100047A61F /* ContactCompactCard.swift */,
				FB4732332AF696FC003604D2 /* ClearBirthdateButton.swift */,
				FB4732352AF697B1003604D2 /* AddBirthdateButton.swift */,
				FB4732372AF699ED003604D2 /* EditBirthdateButton.swift */,
			);
			path = Views;
			sourceTree = "<group>";
		};
		FB7A711F2AE68AC1009874C8 /* ViewModels */ = {
			isa = PBXGroup;
			children = (
				FB5358332AE7D1040047A61F /* ContactViewModel.swift */,
			);
			path = ViewModels;
			sourceTree = "<group>";
		};
		FB7A71202AE68AC6009874C8 /* Extensions */ = {
			isa = PBXGroup;
			children = (
				FB53585F2AECD9900047A61F /* CNContactExtension.swift */,
				FB53582B2AE6E32E0047A61F /* DateExtension.swift */,
			);
			path = Extensions;
			sourceTree = "<group>";
		};
/* End PBXGroup section */

/* Begin PBXNativeTarget section */
		FB4731FC2AF388E0003604D2 /* happyWidgets */ = {
			isa = PBXNativeTarget;
			buildConfigurationList = FB4732132AF388E1003604D2 /* Build configuration list for PBXNativeTarget "happyWidgets" */;
			buildPhases = (
				FB4731F92AF388E0003604D2 /* Sources */,
				FB4731FA2AF388E0003604D2 /* Frameworks */,
				FB4731FB2AF388E0003604D2 /* Resources */,
			);
			buildRules = (
			);
			dependencies = (
			);
			name = happyWidgets;
			productName = happyWidgetsExtension;
			productReference = FB4731FD2AF388E0003604D2 /* happyWidgets.appex */;
			productType = "com.apple.product-type.app-extension";
		};
		FB7A70E92AE68AAB009874C8 /* happy */ = {
			isa = PBXNativeTarget;
			buildConfigurationList = FB7A71142AE68AAD009874C8 /* Build configuration list for PBXNativeTarget "happy" */;
			buildPhases = (
				FB7A70E62AE68AAB009874C8 /* Sources */,
				FB7A70E72AE68AAB009874C8 /* Frameworks */,
				FB7A70E82AE68AAB009874C8 /* Resources */,
				FB4732162AF388E1003604D2 /* Embed Foundation Extensions */,
			);
			buildRules = (
			);
			dependencies = (
				FB47321A2AF585F9003604D2 /* PBXTargetDependency */,
			);
			name = happy;
			packageProductDependencies = (
			);
			productName = happy;
			productReference = FB7A70EA2AE68AAB009874C8 /* happy.app */;
			productType = "com.apple.product-type.application";
		};
/* End PBXNativeTarget section */

/* Begin PBXProject section */
		FB7A70E22AE68AAB009874C8 /* Project object */ = {
			isa = PBXProject;
			attributes = {
				BuildIndependentTargetsInParallel = 1;
				LastSwiftUpdateCheck = 1430;
				LastUpgradeCheck = 1530;
				TargetAttributes = {
					FB4731FC2AF388E0003604D2 = {
						CreatedOnToolsVersion = 14.3.1;
					};
					FB7A70E92AE68AAB009874C8 = {
						CreatedOnToolsVersion = 14.3.1;
					};
				};
			};
			buildConfigurationList = FB7A70E52AE68AAB009874C8 /* Build configuration list for PBXProject "happy" */;
			compatibilityVersion = "Xcode 14.0";
			developmentRegion = en;
			hasScannedForEncodings = 0;
			knownRegions = (
				en,
				Base,
			);
			mainGroup = FB7A70E12AE68AAB009874C8;
			packageReferences = (
			);
			productRefGroup = FB7A70EB2AE68AAB009874C8 /* Products */;
			projectDirPath = "";
			projectRoot = "";
			targets = (
				FB7A70E92AE68AAB009874C8 /* happy */,
				FB4731FC2AF388E0003604D2 /* happyWidgets */,
			);
		};
/* End PBXProject section */

/* Begin PBXResourcesBuildPhase section */
		FB4731FB2AF388E0003604D2 /* Resources */ = {
			isa = PBXResourcesBuildPhase;
			buildActionMask = 2147483647;
			files = (
				FB47320C2AF388E1003604D2 /* Assets.xcassets in Resources */,
			);
			runOnlyForDeploymentPostprocessing = 0;
		};
		FB7A70E82AE68AAB009874C8 /* Resources */ = {
			isa = PBXResourcesBuildPhase;
			buildActionMask = 2147483647;
			files = (
				FB5CD8212AFB9675009637CD /* Assets.xcassets in Resources */,
				FB7A70F22AE68AAD009874C8 /* Assets.xcassets in Resources */,
			);
			runOnlyForDeploymentPostprocessing = 0;
		};
/* End PBXResourcesBuildPhase section */

/* Begin PBXSourcesBuildPhase section */
		FB4731F92AF388E0003604D2 /* Sources */ = {
			isa = PBXSourcesBuildPhase;
			buildActionMask = 2147483647;
			files = (
				FB47322A2AF622BD003604D2 /* WidgetView.swift in Sources */,
				FB4732232AF61C5F003604D2 /* WidgetContactCard.swift in Sources */,
				FB4732282AF62214003604D2 /* WidgetProvider.swift in Sources */,
				FB4732262AF62141003604D2 /* ContactService.swift in Sources */,
				FB47321F2AF61ADB003604D2 /* DateExtension.swift in Sources */,
				FB4732202AF61B0A003604D2 /* CNContactExtension.swift in Sources */,
				FB4732242AF61D3C003604D2 /* Avatar.swift in Sources */,
				FB4732252AF61D3E003604D2 /* BirthdayIcon.swift in Sources */,
				FB4732052AF388E0003604D2 /* WidgetMain.swift in Sources */,
				FB47320E2AF388E1003604D2 /* happyWidgets.intentdefinition in Sources */,
			);
			runOnlyForDeploymentPostprocessing = 0;
		};
		FB7A70E62AE68AAB009874C8 /* Sources */ = {
			isa = PBXSourcesBuildPhase;
			buildActionMask = 2147483647;
			files = (
				FB47323C2AF6A54E003604D2 /* ContactBirthdayActions.swift in Sources */,
				FBADC5322AEE7B4700C3A546 /* AppDataModel.xcdatamodeld in Sources */,
				FB5358322AE7CB680047A61F /* ContactService.swift in Sources */,
				FB5CD81F2AFB7095009637CD /* NavigateToEditContacts.swift in Sources */,
				FB47320F2AF388E1003604D2 /* happyWidgets.intentdefinition in Sources */,
				FBADC5342AEEC05F00C3A546 /* CoreDataStack.swift in Sources */,
				FB4732322AF670F3003604D2 /* SwipeLeftToEditBirthdate.swift in Sources */,
				FB5358602AECD9900047A61F /* CNContactExtension.swift in Sources */,
				FB53582C2AE6E32E0047A61F /* DateExtension.swift in Sources */,
				FB4732342AF696FC003604D2 /* ClearBirthdateButton.swift in Sources */,
				FB4732442AF7B694003604D2 /* SendMessageButton.swift in Sources */,
				FB53585E2AEC2F740047A61F /* SearchBar.swift in Sources */,
				FB7A71262AE68B06009874C8 /* EditContacts.swift in Sources */,
				FB5CD81D2AFB6FD0009637CD /* ShowWidgetAlertSheetModifier.swift in Sources */,
				FB4732302AF6695D003604D2 /* SwipeRightToClearBirthdate.swift in Sources */,
				FB4732362AF697B1003604D2 /* AddBirthdateButton.swift in Sources */,
				FB7A71242AE68AEA009874C8 /* Home.swift in Sources */,
				FB7A70EE2AE68AAB009874C8 /* AppMain.swift in Sources */,
				FBADC52B2AED12DB00C3A546 /* ContactCard.swift in Sources */,
				FB53582A2AE6DC150047A61F /* Avatar.swift in Sources */,
				FB7A71282AE68B1A009874C8 /* ListContacts.swift in Sources */,
				FB5358342AE7D1040047A61F /* ContactViewModel.swift in Sources */,
				FB5358362AE7D3100047A61F /* ContactCompactCard.swift in Sources */,
				FB5358582AEB94570047A61F /* NotificationService.swift in Sources */,
				FB53584F2AE9C9D90047A61F /* BirthdayIcon.swift in Sources */,
				FB4732182AF5763F003604D2 /* CreateContact.swift in Sources */,
				FBADC5362AEF03E200C3A546 /* AllowContactsAccess.swift in Sources */,
				FB4732382AF699ED003604D2 /* EditBirthdateButton.swift in Sources */,
				FB4732422AF7A8C0003604D2 /* ListContactsIsEmpty.swift in Sources */,
			);
			runOnlyForDeploymentPostprocessing = 0;
		};
/* End PBXSourcesBuildPhase section */

/* Begin PBXTargetDependency section */
		FB47321A2AF585F9003604D2 /* PBXTargetDependency */ = {
			isa = PBXTargetDependency;
			target = FB4731FC2AF388E0003604D2 /* happyWidgets */;
			targetProxy = FB4732192AF585F9003604D2 /* PBXContainerItemProxy */;
		};
/* End PBXTargetDependency section */

/* Begin XCBuildConfiguration section */
		FB4732142AF388E1003604D2 /* Debug */ = {
			isa = XCBuildConfiguration;
			buildSettings = {
				ASSETCATALOG_COMPILER_GLOBAL_ACCENT_COLOR_NAME = AccentColor;
				ASSETCATALOG_COMPILER_WIDGET_BACKGROUND_COLOR_NAME = WidgetBackground;
				CODE_SIGN_STYLE = Automatic;
				CURRENT_PROJECT_VERSION = 1;
				DEVELOPMENT_TEAM = X52A94XDJB;
				GENERATE_INFOPLIST_FILE = YES;
				INFOPLIST_FILE = happyWidgets/Info.plist;
				INFOPLIST_KEY_CFBundleDisplayName = happyWidgets;
				INFOPLIST_KEY_NSHumanReadableCopyright = "";
				IPHONEOS_DEPLOYMENT_TARGET = 15.0;
				LD_RUNPATH_SEARCH_PATHS = (
					"$(inherited)",
					"@executable_path/Frameworks",
					"@executable_path/../../Frameworks",
				);
				MARKETING_VERSION = 1.4;
				PRODUCT_BUNDLE_IDENTIFIER = soli.happy.happyWidgets;
				PRODUCT_NAME = "$(TARGET_NAME)";
				SKIP_INSTALL = YES;
				SUPPORTED_PLATFORMS = "iphoneos iphonesimulator";
				SUPPORTS_MACCATALYST = NO;
				SUPPORTS_MAC_DESIGNED_FOR_IPHONE_IPAD = NO;
				SUPPORTS_XR_DESIGNED_FOR_IPHONE_IPAD = NO;
				SWIFT_EMIT_LOC_STRINGS = YES;
				SWIFT_VERSION = 5.0;
				TARGETED_DEVICE_FAMILY = 1;
			};
			name = Debug;
		};
		FB4732152AF388E1003604D2 /* Release */ = {
			isa = XCBuildConfiguration;
			buildSettings = {
				ASSETCATALOG_COMPILER_GLOBAL_ACCENT_COLOR_NAME = AccentColor;
				ASSETCATALOG_COMPILER_WIDGET_BACKGROUND_COLOR_NAME = WidgetBackground;
				CODE_SIGN_STYLE = Automatic;
				CURRENT_PROJECT_VERSION = 1;
				DEVELOPMENT_TEAM = X52A94XDJB;
				GENERATE_INFOPLIST_FILE = YES;
				INFOPLIST_FILE = happyWidgets/Info.plist;
				INFOPLIST_KEY_CFBundleDisplayName = happyWidgets;
				INFOPLIST_KEY_NSHumanReadableCopyright = "";
				IPHONEOS_DEPLOYMENT_TARGET = 15.0;
				LD_RUNPATH_SEARCH_PATHS = (
					"$(inherited)",
					"@executable_path/Frameworks",
					"@executable_path/../../Frameworks",
				);
				MARKETING_VERSION = 1.4;
				PRODUCT_BUNDLE_IDENTIFIER = soli.happy.happyWidgets;
				PRODUCT_NAME = "$(TARGET_NAME)";
				SKIP_INSTALL = YES;
				SUPPORTED_PLATFORMS = "iphoneos iphonesimulator";
				SUPPORTS_MACCATALYST = NO;
				SUPPORTS_MAC_DESIGNED_FOR_IPHONE_IPAD = NO;
				SUPPORTS_XR_DESIGNED_FOR_IPHONE_IPAD = NO;
				SWIFT_EMIT_LOC_STRINGS = YES;
				SWIFT_VERSION = 5.0;
				TARGETED_DEVICE_FAMILY = 1;
			};
			name = Release;
		};
		FB7A71122AE68AAD009874C8 /* Debug */ = {
			isa = XCBuildConfiguration;
			buildSettings = {
				ALWAYS_SEARCH_USER_PATHS = NO;
				ASSETCATALOG_COMPILER_GENERATE_SWIFT_ASSET_SYMBOL_EXTENSIONS = YES;
				CLANG_ANALYZER_NONNULL = YES;
				CLANG_ANALYZER_NUMBER_OBJECT_CONVERSION = YES_AGGRESSIVE;
				CLANG_CXX_LANGUAGE_STANDARD = "gnu++20";
				CLANG_ENABLE_MODULES = YES;
				CLANG_ENABLE_OBJC_ARC = YES;
				CLANG_ENABLE_OBJC_WEAK = YES;
				CLANG_WARN_BLOCK_CAPTURE_AUTORELEASING = YES;
				CLANG_WARN_BOOL_CONVERSION = YES;
				CLANG_WARN_COMMA = YES;
				CLANG_WARN_CONSTANT_CONVERSION = YES;
				CLANG_WARN_DEPRECATED_OBJC_IMPLEMENTATIONS = YES;
				CLANG_WARN_DIRECT_OBJC_ISA_USAGE = YES_ERROR;
				CLANG_WARN_DOCUMENTATION_COMMENTS = YES;
				CLANG_WARN_EMPTY_BODY = YES;
				CLANG_WARN_ENUM_CONVERSION = YES;
				CLANG_WARN_INFINITE_RECURSION = YES;
				CLANG_WARN_INT_CONVERSION = YES;
				CLANG_WARN_NON_LITERAL_NULL_CONVERSION = YES;
				CLANG_WARN_OBJC_IMPLICIT_RETAIN_SELF = YES;
				CLANG_WARN_OBJC_LITERAL_CONVERSION = YES;
				CLANG_WARN_OBJC_ROOT_CLASS = YES_ERROR;
				CLANG_WARN_QUOTED_INCLUDE_IN_FRAMEWORK_HEADER = YES;
				CLANG_WARN_RANGE_LOOP_ANALYSIS = YES;
				CLANG_WARN_STRICT_PROTOTYPES = YES;
				CLANG_WARN_SUSPICIOUS_MOVE = YES;
				CLANG_WARN_UNGUARDED_AVAILABILITY = YES_AGGRESSIVE;
				CLANG_WARN_UNREACHABLE_CODE = YES;
				CLANG_WARN__DUPLICATE_METHOD_MATCH = YES;
				COPY_PHASE_STRIP = NO;
				DEBUG_INFORMATION_FORMAT = dwarf;
				ENABLE_STRICT_OBJC_MSGSEND = YES;
				ENABLE_TESTABILITY = YES;
				ENABLE_USER_SCRIPT_SANDBOXING = YES;
				GCC_C_LANGUAGE_STANDARD = gnu11;
				GCC_DYNAMIC_NO_PIC = NO;
				GCC_NO_COMMON_BLOCKS = YES;
				GCC_OPTIMIZATION_LEVEL = 0;
				GCC_PREPROCESSOR_DEFINITIONS = (
					"DEBUG=1",
					"$(inherited)",
				);
				GCC_WARN_64_TO_32_BIT_CONVERSION = YES;
				GCC_WARN_ABOUT_RETURN_TYPE = YES_ERROR;
				GCC_WARN_UNDECLARED_SELECTOR = YES;
				GCC_WARN_UNINITIALIZED_AUTOS = YES_AGGRESSIVE;
				GCC_WARN_UNUSED_FUNCTION = YES;
				GCC_WARN_UNUSED_VARIABLE = YES;
				INFOPLIST_FILE = happy/Info.plist;
				IPHONEOS_DEPLOYMENT_TARGET = 15.0;
				MTL_ENABLE_DEBUG_INFO = INCLUDE_SOURCE;
				MTL_FAST_MATH = YES;
				ONLY_ACTIVE_ARCH = YES;
				SDKROOT = iphoneos;
				SWIFT_ACTIVE_COMPILATION_CONDITIONS = DEBUG;
				SWIFT_OPTIMIZATION_LEVEL = "-Onone";
			};
			name = Debug;
		};
		FB7A71132AE68AAD009874C8 /* Release */ = {
			isa = XCBuildConfiguration;
			buildSettings = {
				ALWAYS_SEARCH_USER_PATHS = NO;
				ASSETCATALOG_COMPILER_GENERATE_SWIFT_ASSET_SYMBOL_EXTENSIONS = YES;
				CLANG_ANALYZER_NONNULL = YES;
				CLANG_ANALYZER_NUMBER_OBJECT_CONVERSION = YES_AGGRESSIVE;
				CLANG_CXX_LANGUAGE_STANDARD = "gnu++20";
				CLANG_ENABLE_MODULES = YES;
				CLANG_ENABLE_OBJC_ARC = YES;
				CLANG_ENABLE_OBJC_WEAK = YES;
				CLANG_WARN_BLOCK_CAPTURE_AUTORELEASING = YES;
				CLANG_WARN_BOOL_CONVERSION = YES;
				CLANG_WARN_COMMA = YES;
				CLANG_WARN_CONSTANT_CONVERSION = YES;
				CLANG_WARN_DEPRECATED_OBJC_IMPLEMENTATIONS = YES;
				CLANG_WARN_DIRECT_OBJC_ISA_USAGE = YES_ERROR;
				CLANG_WARN_DOCUMENTATION_COMMENTS = YES;
				CLANG_WARN_EMPTY_BODY = YES;
				CLANG_WARN_ENUM_CONVERSION = YES;
				CLANG_WARN_INFINITE_RECURSION = YES;
				CLANG_WARN_INT_CONVERSION = YES;
				CLANG_WARN_NON_LITERAL_NULL_CONVERSION = YES;
				CLANG_WARN_OBJC_IMPLICIT_RETAIN_SELF = YES;
				CLANG_WARN_OBJC_LITERAL_CONVERSION = YES;
				CLANG_WARN_OBJC_ROOT_CLASS = YES_ERROR;
				CLANG_WARN_QUOTED_INCLUDE_IN_FRAMEWORK_HEADER = YES;
				CLANG_WARN_RANGE_LOOP_ANALYSIS = YES;
				CLANG_WARN_STRICT_PROTOTYPES = YES;
				CLANG_WARN_SUSPICIOUS_MOVE = YES;
				CLANG_WARN_UNGUARDED_AVAILABILITY = YES_AGGRESSIVE;
				CLANG_WARN_UNREACHABLE_CODE = YES;
				CLANG_WARN__DUPLICATE_METHOD_MATCH = YES;
				COPY_PHASE_STRIP = NO;
				DEBUG_INFORMATION_FORMAT = "dwarf-with-dsym";
				ENABLE_NS_ASSERTIONS = NO;
				ENABLE_STRICT_OBJC_MSGSEND = YES;
				ENABLE_USER_SCRIPT_SANDBOXING = YES;
				GCC_C_LANGUAGE_STANDARD = gnu11;
				GCC_NO_COMMON_BLOCKS = YES;
				GCC_WARN_64_TO_32_BIT_CONVERSION = YES;
				GCC_WARN_ABOUT_RETURN_TYPE = YES_ERROR;
				GCC_WARN_UNDECLARED_SELECTOR = YES;
				GCC_WARN_UNINITIALIZED_AUTOS = YES_AGGRESSIVE;
				GCC_WARN_UNUSED_FUNCTION = YES;
				GCC_WARN_UNUSED_VARIABLE = YES;
				INFOPLIST_FILE = happy/Info.plist;
				IPHONEOS_DEPLOYMENT_TARGET = 15.0;
				MTL_ENABLE_DEBUG_INFO = NO;
				MTL_FAST_MATH = YES;
				SDKROOT = iphoneos;
				SWIFT_COMPILATION_MODE = wholemodule;
				SWIFT_OPTIMIZATION_LEVEL = "-O";
				VALIDATE_PRODUCT = YES;
			};
			name = Release;
		};
		FB7A71152AE68AAD009874C8 /* Debug */ = {
			isa = XCBuildConfiguration;
			buildSettings = {
				ALWAYS_EMBED_SWIFT_STANDARD_LIBRARIES = YES;
				ASSETCATALOG_COMPILER_APPICON_NAME = AppIcon;
				ASSETCATALOG_COMPILER_GLOBAL_ACCENT_COLOR_NAME = AccentColor;
				CODE_SIGN_STYLE = Automatic;
				CURRENT_PROJECT_VERSION = 1;
				DEVELOPMENT_ASSET_PATHS = "";
				DEVELOPMENT_TEAM = X52A94XDJB;
				ENABLE_PREVIEWS = YES;
				GENERATE_INFOPLIST_FILE = YES;
				INFOPLIST_KEY_CFBundleDisplayName = happy;
				INFOPLIST_KEY_LSApplicationCategoryType = "public.app-category.lifestyle";
				INFOPLIST_KEY_UIApplicationSceneManifest_Generation = YES;
				INFOPLIST_KEY_UIApplicationSupportsIndirectInputEvents = YES;
				INFOPLIST_KEY_UILaunchScreen_Generation = YES;
				INFOPLIST_KEY_UISupportedInterfaceOrientations_iPad = "UIInterfaceOrientationPortrait UIInterfaceOrientationPortraitUpsideDown UIInterfaceOrientationLandscapeLeft UIInterfaceOrientationLandscapeRight";
				INFOPLIST_KEY_UISupportedInterfaceOrientations_iPhone = "UIInterfaceOrientationPortrait UIInterfaceOrientationLandscapeLeft UIInterfaceOrientationLandscapeRight";
				IPHONEOS_DEPLOYMENT_TARGET = 15.0;
				LD_RUNPATH_SEARCH_PATHS = (
					"$(inherited)",
					"@executable_path/Frameworks",
				);
				MARKETING_VERSION = 1.4;
				PRODUCT_BUNDLE_IDENTIFIER = soli.happy;
				PRODUCT_NAME = "$(TARGET_NAME)";
				SUPPORTED_PLATFORMS = "iphoneos iphonesimulator";
				SUPPORTS_MACCATALYST = NO;
				SUPPORTS_MAC_DESIGNED_FOR_IPHONE_IPAD = NO;
				SUPPORTS_XR_DESIGNED_FOR_IPHONE_IPAD = NO;
				SWIFT_EMIT_LOC_STRINGS = YES;
				SWIFT_VERSION = 5.0;
				TARGETED_DEVICE_FAMILY = 1;
			};
			name = Debug;
		};
		FB7A71162AE68AAD009874C8 /* Release */ = {
			isa = XCBuildConfiguration;
			buildSettings = {
				ALWAYS_EMBED_SWIFT_STANDARD_LIBRARIES = YES;
				ASSETCATALOG_COMPILER_APPICON_NAME = AppIcon;
				ASSETCATALOG_COMPILER_GLOBAL_ACCENT_COLOR_NAME = AccentColor;
				CODE_SIGN_STYLE = Automatic;
				CURRENT_PROJECT_VERSION = 1;
				DEVELOPMENT_ASSET_PATHS = "";
				DEVELOPMENT_TEAM = X52A94XDJB;
				ENABLE_PREVIEWS = YES;
				GENERATE_INFOPLIST_FILE = YES;
				INFOPLIST_KEY_CFBundleDisplayName = happy;
				INFOPLIST_KEY_LSApplicationCategoryType = "public.app-category.lifestyle";
				INFOPLIST_KEY_UIApplicationSceneManifest_Generation = YES;
				INFOPLIST_KEY_UIApplicationSupportsIndirectInputEvents = YES;
				INFOPLIST_KEY_UILaunchScreen_Generation = YES;
				INFOPLIST_KEY_UISupportedInterfaceOrientations_iPad = "UIInterfaceOrientationPortrait UIInterfaceOrientationPortraitUpsideDown UIInterfaceOrientationLandscapeLeft UIInterfaceOrientationLandscapeRight";
				INFOPLIST_KEY_UISupportedInterfaceOrientations_iPhone = "UIInterfaceOrientationPortrait UIInterfaceOrientationLandscapeLeft UIInterfaceOrientationLandscapeRight";
				IPHONEOS_DEPLOYMENT_TARGET = 15.0;
				LD_RUNPATH_SEARCH_PATHS = (
					"$(inherited)",
					"@executable_path/Frameworks",
				);
				MARKETING_VERSION = 1.4;
				PRODUCT_BUNDLE_IDENTIFIER = soli.happy;
				PRODUCT_NAME = "$(TARGET_NAME)";
				SUPPORTED_PLATFORMS = "iphoneos iphonesimulator";
				SUPPORTS_MACCATALYST = NO;
				SUPPORTS_MAC_DESIGNED_FOR_IPHONE_IPAD = NO;
				SUPPORTS_XR_DESIGNED_FOR_IPHONE_IPAD = NO;
				SWIFT_EMIT_LOC_STRINGS = YES;
				SWIFT_VERSION = 5.0;
				TARGETED_DEVICE_FAMILY = 1;
			};
			name = Release;
		};
/* End XCBuildConfiguration section */

/* Begin XCConfigurationList section */
		FB4732132AF388E1003604D2 /* Build configuration list for PBXNativeTarget "happyWidgets" */ = {
			isa = XCConfigurationList;
			buildConfigurations = (
				FB4732142AF388E1003604D2 /* Debug */,
				FB4732152AF388E1003604D2 /* Release */,
			);
			defaultConfigurationIsVisible = 0;
			defaultConfigurationName = Release;
		};
		FB7A70E52AE68AAB009874C8 /* Build configuration list for PBXProject "happy" */ = {
			isa = XCConfigurationList;
			buildConfigurations = (
				FB7A71122AE68AAD009874C8 /* Debug */,
				FB7A71132AE68AAD009874C8 /* Release */,
			);
			defaultConfigurationIsVisible = 0;
			defaultConfigurationName = Release;
		};
		FB7A71142AE68AAD009874C8 /* Build configuration list for PBXNativeTarget "happy" */ = {
			isa = XCConfigurationList;
			buildConfigurations = (
				FB7A71152AE68AAD009874C8 /* Debug */,
				FB7A71162AE68AAD009874C8 /* Release */,
			);
			defaultConfigurationIsVisible = 0;
			defaultConfigurationName = Release;
		};
/* End XCConfigurationList section */

/* Begin XCVersionGroup section */
		FBADC5302AEE7B4700C3A546 /* AppDataModel.xcdatamodeld */ = {
			isa = XCVersionGroup;
			children = (
				FBADC5312AEE7B4700C3A546 /* AppDataModel.xcdatamodel */,
			);
			currentVersion = FBADC5312AEE7B4700C3A546 /* AppDataModel.xcdatamodel */;
			path = AppDataModel.xcdatamodeld;
			sourceTree = "<group>";
			versionGroupType = wrapper.xcdatamodel;
		};
/* End XCVersionGroup section */
	};
	rootObject = FB7A70E22AE68AAB009874C8 /* Project object */;
}
